("quicklisp" .
 (:class qlot/source/dist:source-dist
  :initargs (:distribution "https://beta.quicklisp.org/dist/quicklisp.txt" :%version :latest)
  :version "2026-01-01"))
("bknr.ttl" .
 (:class qlot/source/git:source-git
  :initargs (:remote-url "https://github.com/denzuko/bknr.ttl.git" :branch "develop")
  :version "git-2cb1ca382a54f57addc56d54fe04d31c45bad30c"))
("sunny-side" .
 (:class qlot/source/git:source-git
  :initargs (:remote-url "https://github.com/denzuko/sunny-side.git" :branch "develop")
  :version "git-591acba89f01db71acbcbf5de671e5d94d7c4356"))
